
Microsoft Visual Studio Solution File, Format Version 12.00
# Visual Studio Version 17
VisualStudioVersion = 17.0.31903.59
MinimumVisualStudioVersion = 10.0.40219.1
Project("{9A19103F-16F7-4668-BE54-9A1E7A4F7556}") = "CoreFramework", "CoreFW_APITesting\CoreFramework.csproj", "{7BAE70ED-554C-4884-B5D8-8D2F78E3500E}"
EndProject
Project("{9A19103F-16F7-4668-BE54-9A1E7A4F7556}") = "TestProjects", "TestProjects\TestProjects.csproj", "{051E5609-C82F-474D-8D73-0911B1C004E6}"
EndProject
Global
	GlobalSection(SolutionConfigurationPlatforms) = preSolution
		Debug|Any CPU = Debug|Any CPU
		Release|Any CPU = Release|Any CPU
	EndGlobalSection
	GlobalSection(ProjectConfigurationPlatforms) = postSolution
		{7BAE70ED-554C-4884-B5D8-8D2F78E3500E}.Debug|Any CPU.ActiveCfg = Debug|Any CPU
		{7BAE70ED-554C-4884-B5D8-8D2F78E3500E}.Debug|Any CPU.Build.0 = Debug|Any CPU
		{7BAE70ED-554C-4884-B5D8-8D2F78E3500E}.Release|Any CPU.ActiveCfg = Release|Any CPU
		{7BAE70ED-554C-4884-B5D8-8D2F78E3500E}.Release|Any CPU.Build.0 = Release|Any CPU
		{051E5609-C82F-474D-8D73-0911B1C004E6}.Debug|Any CPU.ActiveCfg = Debug|Any CPU
		{051E5609-C82F-474D-8D73-0911B1C004E6}.Debug|Any CPU.Build.0 = Debug|Any CPU
		{051E5609-C82F-474D-8D73-0911B1C004E6}.Release|Any CPU.ActiveCfg = Release|Any CPU
		{051E5609-C82F-474D-8D73-0911B1C004E6}.Release|Any CPU.Build.0 = Release|Any CPU
	EndGlobalSection
	GlobalSection(SolutionProperties) = preSolution
		HideSolutionNode = FALSE
	EndGlobalSection
	GlobalSection(ExtensibilityGlobals) = postSolution
		SolutionGuid = {E3F26A0E-0EE7-4FDA-A2D6-6DBA9A50212D}
	EndGlobalSection
EndGlobal
