
Microsoft Visual Studio Solution File, Format Version 12.00
# Visual Studio Version 17
VisualStudioVersion = 17.3.32929.385
MinimumVisualStudioVersion = 10.0.40219.1
Project("{9A19103F-16F7-4668-BE54-9A1E7A4F7556}") = "CoreRestSharpFW", "CoreRestSharpFW.csproj", "{8839D108-72C7-4B23-8051-9766F496656E}"
EndProject
Project("{9A19103F-16F7-4668-BE54-9A1E7A4F7556}") = "DemoRSTest", "..\DemoRSTest\DemoRSTest.csproj", "{842CA32C-7623-4596-8284-CD4F1B52243E}"
EndProject
Global
	GlobalSection(SolutionConfigurationPlatforms) = preSolution
		Debug|Any CPU = Debug|Any CPU
		Release|Any CPU = Release|Any CPU
	EndGlobalSection
	GlobalSection(ProjectConfigurationPlatforms) = postSolution
		{8839D108-72C7-4B23-8051-9766F496656E}.Debug|Any CPU.ActiveCfg = Debug|Any CPU
		{8839D108-72C7-4B23-8051-9766F496656E}.Debug|Any CPU.Build.0 = Debug|Any CPU
		{8839D108-72C7-4B23-8051-9766F496656E}.Release|Any CPU.ActiveCfg = Release|Any CPU
		{8839D108-72C7-4B23-8051-9766F496656E}.Release|Any CPU.Build.0 = Release|Any CPU
		{842CA32C-7623-4596-8284-CD4F1B52243E}.Debug|Any CPU.ActiveCfg = Debug|Any CPU
		{842CA32C-7623-4596-8284-CD4F1B52243E}.Debug|Any CPU.Build.0 = Debug|Any CPU
		{842CA32C-7623-4596-8284-CD4F1B52243E}.Release|Any CPU.ActiveCfg = Release|Any CPU
		{842CA32C-7623-4596-8284-CD4F1B52243E}.Release|Any CPU.Build.0 = Release|Any CPU
	EndGlobalSection
	GlobalSection(SolutionProperties) = preSolution
		HideSolutionNode = FALSE
	EndGlobalSection
	GlobalSection(ExtensibilityGlobals) = postSolution
		SolutionGuid = {80EF1F01-B4F0-4F91-B633-0EC5B35C376A}
	EndGlobalSection
EndGlobal
