
Microsoft Visual Studio Solution File, Format Version 12.00
# Visual Studio Version 17
VisualStudioVersion = 17.3.32929.385
MinimumVisualStudioVersion = 10.0.40219.1
Project("{9A19103F-16F7-4668-BE54-9A1E7A4F7556}") = "CoreFramework", "CoreFramework\CoreFramework.csproj", "{3769E236-389C-4D03-9065-18500F439547}"
EndProject
Project("{9A19103F-16F7-4668-BE54-9A1E7A4F7556}") = "RookiesTest", "RookiesTest\RookiesTest.csproj", "{57356214-BDAB-4FFB-9C8A-5D62F13B136A}"
EndProject
Global
	GlobalSection(SolutionConfigurationPlatforms) = preSolution
		Debug|Any CPU = Debug|Any CPU
		Release|Any CPU = Release|Any CPU
	EndGlobalSection
	GlobalSection(ProjectConfigurationPlatforms) = postSolution
		{3769E236-389C-4D03-9065-18500F439547}.Debug|Any CPU.ActiveCfg = Debug|Any CPU
		{3769E236-389C-4D03-9065-18500F439547}.Debug|Any CPU.Build.0 = Debug|Any CPU
		{3769E236-389C-4D03-9065-18500F439547}.Release|Any CPU.ActiveCfg = Release|Any CPU
		{3769E236-389C-4D03-9065-18500F439547}.Release|Any CPU.Build.0 = Release|Any CPU
		{57356214-BDAB-4FFB-9C8A-5D62F13B136A}.Debug|Any CPU.ActiveCfg = Debug|Any CPU
		{57356214-BDAB-4FFB-9C8A-5D62F13B136A}.Debug|Any CPU.Build.0 = Debug|Any CPU
		{57356214-BDAB-4FFB-9C8A-5D62F13B136A}.Release|Any CPU.ActiveCfg = Release|Any CPU
		{57356214-BDAB-4FFB-9C8A-5D62F13B136A}.Release|Any CPU.Build.0 = Release|Any CPU
	EndGlobalSection
	GlobalSection(SolutionProperties) = preSolution
		HideSolutionNode = FALSE
	EndGlobalSection
	GlobalSection(ExtensibilityGlobals) = postSolution
		SolutionGuid = {3ABFA3D2-DE5E-4A03-8FBF-2057EFA3A17F}
	EndGlobalSection
EndGlobal
