
Microsoft Visual Studio Solution File, Format Version 12.00
# Visual Studio Version 17
VisualStudioVersion = 17.3.32929.385
MinimumVisualStudioVersion = 10.0.40219.1
Project("{FAE04EC0-301F-11D3-BF4B-00C04F79EFBC}") = "SeleniumPracticeDay2", "SeleniumPracticeDay2.csproj", "{2EB78B0F-F0AE-47CA-8578-20F17A791743}"
EndProject
Global
	GlobalSection(SolutionConfigurationPlatforms) = preSolution
		Debug|Any CPU = Debug|Any CPU
		Release|Any CPU = Release|Any CPU
	EndGlobalSection
	GlobalSection(ProjectConfigurationPlatforms) = postSolution
		{2EB78B0F-F0AE-47CA-8578-20F17A791743}.Debug|Any CPU.ActiveCfg = Debug|Any CPU
		{2EB78B0F-F0AE-47CA-8578-20F17A791743}.Debug|Any CPU.Build.0 = Debug|Any CPU
		{2EB78B0F-F0AE-47CA-8578-20F17A791743}.Release|Any CPU.ActiveCfg = Release|Any CPU
		{2EB78B0F-F0AE-47CA-8578-20F17A791743}.Release|Any CPU.Build.0 = Release|Any CPU
	EndGlobalSection
	GlobalSection(SolutionProperties) = preSolution
		HideSolutionNode = FALSE
	EndGlobalSection
	GlobalSection(ExtensibilityGlobals) = postSolution
		SolutionGuid = {4FD12730-AE92-4387-8C52-45DBED9FC4C3}
	EndGlobalSection
EndGlobal
